// This lockfile was autogenerated by Pants. To regenerate, run:
//
//    pants generate-lockfiles --resolve=python-default
//
// --- BEGIN PANTS LOCKFILE METADATA: DO NOT EDIT OR REMOVE ---
// {
//   "version": 3,
//   "valid_for_interpreter_constraints": [
//     "CPython==3.10.*"
//   ],
//   "generated_with_requirements": [
//     "flywheel-gear-toolkit>=0.2",
//     "flywheel-sdk>=16.14.8",
//     "pytest>=7.2.0",
//     "pyyaml==6.0",
//     "requests>=2.18.4",
//     "ssm-parameter-store>=19.11.0",
//     "types-PyYAML>=6.0.12",
//     "types-requests"
//   ],
//   "manylinux": "manylinux2014",
//   "requirement_constraints": [],
//   "only_binary": [],
//   "no_binary": []
// }
// --- END PANTS LOCKFILE METADATA ---

{
  "allow_builds": true,
  "allow_prereleases": false,
  "allow_wheels": true,
  "build_isolation": true,
  "constraints": [],
  "locked_resolves": [
    {
      "locked_requirements": [
        {
          "artifacts": [
            {
              "algorithm": "sha256",
              "hash": "1f28b4522cdc2fb4256ac1a020c78acf9cba2c6b461ccd2c126f3aa8e8335d04",
              "url": "https://files.pythonhosted.org/packages/f0/eb/fcb708c7bf5056045e9e98f62b93bd7467eb718b0202e7698eb11d66416c/attrs-23.1.0-py3-none-any.whl"
            },
            {
              "algorithm": "sha256",
              "hash": "6279836d581513a26f1bf235f9acd333bc9115683f14f7e8fae46c98fc50e015",
              "url": "https://files.pythonhosted.org/packages/97/90/81f95d5f705be17872843536b1868f351805acf6971251ff07c1b8334dbb/attrs-23.1.0.tar.gz"
            }
          ],
          "project_name": "attrs",
          "requires_dists": [
            "attrs[docs,tests]; extra == \"dev\"",
            "attrs[tests-no-zope]; extra == \"tests\"",
            "attrs[tests]; extra == \"cov\"",
            "cloudpickle; platform_python_implementation == \"CPython\" and extra == \"tests-no-zope\"",
            "coverage[toml]>=5.3; extra == \"cov\"",
            "furo; extra == \"docs\"",
            "hypothesis; extra == \"tests-no-zope\"",
            "importlib-metadata; python_version < \"3.8\"",
            "mypy>=1.1.1; platform_python_implementation == \"CPython\" and extra == \"tests-no-zope\"",
            "myst-parser; extra == \"docs\"",
            "pre-commit; extra == \"dev\"",
            "pympler; extra == \"tests-no-zope\"",
            "pytest-mypy-plugins; platform_python_implementation == \"CPython\" and python_version < \"3.11\" and extra == \"tests-no-zope\"",
            "pytest-xdist[psutil]; extra == \"tests-no-zope\"",
            "pytest>=4.3.0; extra == \"tests-no-zope\"",
            "sphinx-notfound-page; extra == \"docs\"",
            "sphinx; extra == \"docs\"",
            "sphinxcontrib-towncrier; extra == \"docs\"",
            "towncrier; extra == \"docs\"",
            "zope-interface; extra == \"docs\"",
            "zope-interface; extra == \"tests\""
          ],
          "requires_python": ">=3.7",
          "version": "23.1.0"
        },
        {
          "artifacts": [
            {
              "algorithm": "sha256",
              "hash": "dae0bc5548b39d8dfcf4167d9a238ab899a0491c11c5e77934db71b3ecf34752",
              "url": "https://files.pythonhosted.org/packages/b0/ab/d412e2874631b0d8b2de5b20526ed5ef63d38a0d16cbe0ea235cf98f7bc0/boto3-1.28.38-py3-none-any.whl"
            },
            {
              "algorithm": "sha256",
              "hash": "cdb466e51ebe4c99640269d88d5450328271437d58e6ce089690d0485bef6174",
              "url": "https://files.pythonhosted.org/packages/20/a6/c1fab54e40fdae8d2c835e97c79d5051f59df427222f5adf5b6ed14f6405/boto3-1.28.38.tar.gz"
            }
          ],
          "project_name": "boto3",
          "requires_dists": [
            "botocore<1.32.0,>=1.31.38",
            "botocore[crt]<2.0a0,>=1.21.0; extra == \"crt\"",
            "jmespath<2.0.0,>=0.7.1",
            "s3transfer<0.7.0,>=0.6.0"
          ],
          "requires_python": ">=3.7",
          "version": "1.28.38"
        },
        {
          "artifacts": [
            {
              "algorithm": "sha256",
              "hash": "86a4c253bba046f775e07f6585ff6c3d75c21a21c171e5bfcf68bc59f29d7b4c",
              "url": "https://files.pythonhosted.org/packages/86/24/2e778bd9fdea0a45372fa9ce682a641773b422a8b0a154394356eb941220/botocore-1.31.38-py3-none-any.whl"
            },
            {
              "algorithm": "sha256",
              "hash": "b02de7898f0a7de0f6569be1c87046035a974006c31fd641f4b97a8dba1fad21",
              "url": "https://files.pythonhosted.org/packages/bf/d9/e1f6a770eac0e6f1e2bd4913d3758fae36785e33150db19a35d5d5956fd2/botocore-1.31.38.tar.gz"
            }
          ],
          "project_name": "botocore",
          "requires_dists": [
            "awscrt==0.16.26; extra == \"crt\"",
            "jmespath<2.0.0,>=0.7.1",
            "python-dateutil<3.0.0,>=2.1",
            "urllib3<1.27,>=1.25.4"
          ],
          "requires_python": ">=3.7",
          "version": "1.31.38"
        },
        {
          "artifacts": [
            {
              "algorithm": "sha256",
              "hash": "92d6037539857d8206b8f6ae472e8b77db8058fec5937a1ef3f54304089edbb9",
              "url": "https://files.pythonhosted.org/packages/4c/dd/2234eab22353ffc7d94e8d13177aaa050113286e93e7b40eae01fbf7c3d9/certifi-2023.7.22-py3-none-any.whl"
            },
            {
              "algorithm": "sha256",
              "hash": "539cc1d13202e33ca466e88b2807e29f4c13049d6d87031a3c110744495cb082",
              "url": "https://files.pythonhosted.org/packages/98/98/c2ff18671db109c9f10ed27f5ef610ae05b73bd876664139cf95bd1429aa/certifi-2023.7.22.tar.gz"
            }
          ],
          "project_name": "certifi",
          "requires_dists": [],
          "requires_python": ">=3.6",
          "version": "2023.7.22"
        },
        {
          "artifacts": [
            {
              "algorithm": "sha256",
              "hash": "8e098148dd37b4ce3baca71fb394c81dc5d9c7728c95df695d2dca218edf40e6",
              "url": "https://files.pythonhosted.org/packages/bf/a0/188f223c7d8b924fb9b554b9d27e0e7506fd5bf9cfb6dbacb2dfd5832b53/charset_normalizer-3.2.0-py3-none-any.whl"
            },
            {
              "algorithm": "sha256",
              "hash": "09393e1b2a9461950b1c9a45d5fd251dc7c6f228acab64da1c9c0165d9c7765c",
              "url": "https://files.pythonhosted.org/packages/08/f7/3f36bb1d0d74846155c7e3bf1477004c41243bb510f9082e785809787735/charset_normalizer-3.2.0-cp310-cp310-manylinux_2_5_i686.manylinux1_i686.manylinux_2_17_i686.manylinux2014_i686.whl"
            },
            {
              "algorithm": "sha256",
              "hash": "3bb3d25a8e6c0aedd251753a79ae98a093c7e7b471faa3aa9a93a81431987ace",
              "url": "https://files.pythonhosted.org/packages/2a/53/cf0a48de1bdcf6ff6e1c9a023f5f523dfe303e4024f216feac64b6eb7f67/charset-normalizer-3.2.0.tar.gz"
            },
            {
              "algorithm": "sha256",
              "hash": "b0dac0ff919ba34d4df1b6131f59ce95b08b9065233446be7e459f95554c0dc8",
              "url": "https://files.pythonhosted.org/packages/45/60/1b2113fe172ac66ac4d210034e937ebe0be30bcae9a7a4d2ae5ad3c018b3/charset_normalizer-3.2.0-cp310-cp310-manylinux_2_17_s390x.manylinux2014_s390x.whl"
            },
            {
              "algorithm": "sha256",
              "hash": "baacc6aee0b2ef6f3d308e197b5d7a81c0e70b06beae1f1fcacffdbd124fe0e3",
              "url": "https://files.pythonhosted.org/packages/6b/b7/f042568ee89c378b457f73fda1642fd3b795df79c285520e4ec8a74c8b09/charset_normalizer-3.2.0-cp310-cp310-musllinux_1_1_aarch64.whl"
            },
            {
              "algorithm": "sha256",
              "hash": "7c70087bfee18a42b4040bb9ec1ca15a08242cf5867c58726530bdf3945672ed",
              "url": "https://files.pythonhosted.org/packages/81/a0/96317ce912b512b7998434eae5e24b28bcc5f1680ad85348e31e1ca56332/charset_normalizer-3.2.0-cp310-cp310-macosx_10_9_x86_64.whl"
            },
            {
              "algorithm": "sha256",
              "hash": "c04a46716adde8d927adb9457bbe39cf473e1e2c2f5d0a16ceb837e5d841ad4f",
              "url": "https://files.pythonhosted.org/packages/8b/c4/62b920ec8f4ec7b55cd29db894ced9a649214fd506295ac19fb786fe3c6f/charset_normalizer-3.2.0-cp310-cp310-musllinux_1_1_ppc64le.whl"
            },
            {
              "algorithm": "sha256",
              "hash": "d62e51710986674142526ab9f78663ca2b0726066ae26b78b22e0f5e571238dd",
              "url": "https://files.pythonhosted.org/packages/95/d2/6f25fddfbe31448ceea236e03b70d2bbd647d4bc9148bf9665307794c4f2/charset_normalizer-3.2.0-cp310-cp310-musllinux_1_1_x86_64.whl"
            },
            {
              "algorithm": "sha256",
              "hash": "193cbc708ea3aca45e7221ae58f0fd63f933753a9bfb498a3b474878f12caaad",
              "url": "https://files.pythonhosted.org/packages/a4/65/057bf29660aae6ade0816457f8db4e749e5c0bfa2366eb5f67db9912fa4c/charset_normalizer-3.2.0-cp310-cp310-manylinux_2_17_x86_64.manylinux2014_x86_64.whl"
            },
            {
              "algorithm": "sha256",
              "hash": "0b87549028f680ca955556e3bd57013ab47474c3124dc069faa0b6545b6c9710",
              "url": "https://files.pythonhosted.org/packages/af/6f/b9b1613a5b672004f08ef3c02242b07406ff36164725ff15207737601de5/charset_normalizer-3.2.0-cp310-cp310-macosx_10_9_universal2.whl"
            },
            {
              "algorithm": "sha256",
              "hash": "bf420121d4c8dce6b889f0e8e4ec0ca34b7f40186203f06a946fa0276ba54029",
              "url": "https://files.pythonhosted.org/packages/e8/74/077cb06aed5d41118a5803e842943311032ab2fb94cf523be620c5be9911/charset_normalizer-3.2.0-cp310-cp310-musllinux_1_1_i686.whl"
            },
            {
              "algorithm": "sha256",
              "hash": "a103b3a7069b62f5d4890ae1b8f0597618f628b286b03d4bc9195230b154bfa9",
              "url": "https://files.pythonhosted.org/packages/ec/a7/96835706283d63fefbbbb4f119d52f195af00fc747e67cc54397c56312c8/charset_normalizer-3.2.0-cp310-cp310-macosx_11_0_arm64.whl"
            },
            {
              "algorithm": "sha256",
              "hash": "94aea8eff76ee6d1cdacb07dd2123a68283cb5569e0250feab1240058f53b623",
              "url": "https://files.pythonhosted.org/packages/f0/24/7e6c604d80a8eb4378cb075647e65b7905f06645243b43c79fe4b7487ed7/charset_normalizer-3.2.0-cp310-cp310-manylinux_2_17_aarch64.manylinux2014_aarch64.whl"
            },
            {
              "algorithm": "sha256",
              "hash": "db901e2ac34c931d73054d9797383d0f8009991e723dab15109740a63e7f902a",
              "url": "https://files.pythonhosted.org/packages/f1/f2/ef1479e741a7ed166b8253987071b2cf2d2b727fc8fa081520e3f7c97e44/charset_normalizer-3.2.0-cp310-cp310-manylinux_2_17_ppc64le.manylinux2014_ppc64le.whl"
            },
            {
              "algorithm": "sha256",
              "hash": "aaf63899c94de41fe3cf934601b0f7ccb6b428c6e4eeb80da72c58eab077b19a",
              "url": "https://files.pythonhosted.org/packages/f5/50/410da81fd67eb1becef9d633f6aae9f6e296f60126cfc3d19631f7919f76/charset_normalizer-3.2.0-cp310-cp310-musllinux_1_1_s390x.whl"
            }
          ],
          "project_name": "charset-normalizer",
          "requires_dists": [],
          "requires_python": ">=3.7.0",
          "version": "3.2.0"
        },
        {
          "artifacts": [
            {
              "algorithm": "sha256",
              "hash": "5022d234d9922f13aa711b4950372a06a6d64cb6d6db9ba43d0ba133ebfce31f",
              "url": "https://files.pythonhosted.org/packages/1a/91/e0d457ee03ec33d79ee2cd8d212debb1bc21dfb99728ae35efdb5832dc22/dotty_dict-1.3.1-py3-none-any.whl"
            },
            {
              "algorithm": "sha256",
              "hash": "4b016e03b8ae265539757a53eba24b9bfda506fb94fbce0bee843c6f05541a15",
              "url": "https://files.pythonhosted.org/packages/6a/ab/88d67f02024700b48cd8232579ad1316aa9df2272c63049c27cc094229d6/dotty_dict-1.3.1.tar.gz"
            }
          ],
          "project_name": "dotty-dict",
          "requires_dists": [],
          "requires_python": "<4.0,>=3.5",
          "version": "1.3.1"
        },
        {
          "artifacts": [
            {
              "algorithm": "sha256",
              "hash": "343280667a4585d195ca1cf9cef84a4e178c4b6cf2274caef9859782b567d5e3",
              "url": "https://files.pythonhosted.org/packages/ad/83/b71e58666f156a39fb29417e4c8ca4bc7400c0dd4ed9e8842ab54dc8c344/exceptiongroup-1.1.3-py3-none-any.whl"
            },
            {
              "algorithm": "sha256",
              "hash": "097acd85d473d75af5bb98e41b61ff7fe35efe6675e4f9370ec6ec5126d160e9",
              "url": "https://files.pythonhosted.org/packages/c2/e1/5561ad26f99b7779c28356f73f69a8b468ef491d0f6adf20d7ed0ac98ec1/exceptiongroup-1.1.3.tar.gz"
            }
          ],
          "project_name": "exceptiongroup",
          "requires_dists": [
            "pytest>=6; extra == \"test\""
          ],
          "requires_python": ">=3.7",
          "version": "1.1.3"
        },
        {
          "artifacts": [
            {
              "algorithm": "sha256",
              "hash": "ea27ec51497ea8176f681dd60bd79c9d3637c1d93c4418d2777073fa7b4f317c",
              "url": "https://files.pythonhosted.org/packages/2a/9e/6605d47314738488186d75d7f9eb4d3e298b52d5f4a89bb065842c9b3cb7/flywheel_gear_toolkit-0.6.13-py3-none-any.whl"
            }
          ],
          "project_name": "flywheel-gear-toolkit",
          "requires_dists": [
            "backports.zoneinfo<1,>=0; python_version == \"3.8\"",
            "dotty-dict<2.0.0,>=1.2.1",
            "flywheel-bids<2.0.0,>=1.0.8; (python_full_version >= \"3.7.1\" and python_full_version < \"4.0.0\") and (extra == \"all\" or extra == \"sdk\")",
            "flywheel-gears<1,>=0",
            "flywheel-sdk>=14.2.0; extra == \"all\" or extra == \"sdk\"",
            "fw-file>=2; extra == \"all\" or extra == \"dicom\" or extra == \"fw-file\"",
            "jsonschema<4.0.0,>=3.2.0",
            "nibabel<6.0.0,>=5.1.0; extra == \"all\" or extra == \"dicom\" or extra == \"nipype\"",
            "nipype<2.0,>=1.6; extra == \"all\" or extra == \"nipype\"",
            "numpy<2,>=1; extra == \"all\" or extra == \"numpy\""
          ],
          "requires_python": "<4.0,>=3.8",
          "version": "0.6.13"
        },
        {
          "artifacts": [
            {
              "algorithm": "sha256",
              "hash": "38e64c3d0b1837d537222202b32e568474969534f8ac7559ff6792efd9325e0d",
              "url": "https://files.pythonhosted.org/packages/5e/5c/84bb5907983bf81302dba3ba42c0a75a6352311aa213ce764d8d78df4343/flywheel_gears-0.3.0-py2.py3-none-any.whl"
            }
          ],
          "project_name": "flywheel-gears",
          "requires_dists": [
            "jsonschema>=2.5.1",
            "rfc3987>=1.3.7"
          ],
          "requires_python": null,
          "version": "0.3.0"
        },
        {
          "artifacts": [
            {
              "algorithm": "sha256",
              "hash": "546e93ef62faf329b833d61f224fcc1ec94380491b10f8f2324db9d985094961",
              "url": "https://files.pythonhosted.org/packages/2b/d5/a83c9d0a751f53469448e6b689936aea6daad7f67e27a1f09e1187450ec2/flywheel_sdk-17.3.0-py2.py3-none-any.whl"
            }
          ],
          "project_name": "flywheel-sdk",
          "requires_dists": [
            "certifi",
            "packaging",
            "python-dateutil",
            "requests-toolbelt",
            "requests>=2.18.4",
            "six>=1.10",
            "urllib3>=1.15"
          ],
          "requires_python": null,
          "version": "17.3.0"
        },
        {
          "artifacts": [
            {
              "algorithm": "sha256",
              "hash": "90b77e79eaa3eba6de819a0c442c0b4ceefc341a7a2ab77d7562bf49f425c5c2",
              "url": "https://files.pythonhosted.org/packages/fc/34/3030de6f1370931b9dbb4dad48f6ab1015ab1d32447850b9fc94e60097be/idna-3.4-py3-none-any.whl"
            },
            {
              "algorithm": "sha256",
              "hash": "814f528e8dead7d329833b91c5faa87d60bf71824cd12a7530b5526063d02cb4",
              "url": "https://files.pythonhosted.org/packages/8b/e1/43beb3d38dba6cb420cefa297822eac205a277ab43e5ba5d5c46faf96438/idna-3.4.tar.gz"
            }
          ],
          "project_name": "idna",
          "requires_dists": [],
          "requires_python": ">=3.5",
          "version": "3.4"
        },
        {
          "artifacts": [
            {
              "algorithm": "sha256",
              "hash": "b6a85871a79d2e3b22d2d1b94ac2824226a63c6b741c88f7ae975f18b6778374",
              "url": "https://files.pythonhosted.org/packages/ef/a6/62565a6e1cf69e10f5727360368e451d4b7f58beeac6173dc9db836a5b46/iniconfig-2.0.0-py3-none-any.whl"
            },
            {
              "algorithm": "sha256",
              "hash": "2d91e135bf72d31a410b17c16da610a82cb55f6b0477d1a902134b24a455b8b3",
              "url": "https://files.pythonhosted.org/packages/d7/4b/cbd8e699e64a6f16ca3a8220661b5f83792b3017d0f79807cb8708d33913/iniconfig-2.0.0.tar.gz"
            }
          ],
          "project_name": "iniconfig",
          "requires_dists": [],
          "requires_python": ">=3.7",
          "version": "2.0.0"
        },
        {
          "artifacts": [
            {
              "algorithm": "sha256",
              "hash": "02e2e4cc71b5bcab88332eebf907519190dd9e6e82107fa7f83b1003a6252980",
              "url": "https://files.pythonhosted.org/packages/31/b4/b9b800c45527aadd64d5b442f9b932b00648617eb5d63d2c7a6587b7cafc/jmespath-1.0.1-py3-none-any.whl"
            },
            {
              "algorithm": "sha256",
              "hash": "90261b206d6defd58fdd5e85f478bf633a2901798906be2ad389150c5c60edbe",
              "url": "https://files.pythonhosted.org/packages/00/2a/e867e8531cf3e36b41201936b7fa7ba7b5702dbef42922193f05c8976cd6/jmespath-1.0.1.tar.gz"
            }
          ],
          "project_name": "jmespath",
          "requires_dists": [],
          "requires_python": ">=3.7",
          "version": "1.0.1"
        },
        {
          "artifacts": [
            {
              "algorithm": "sha256",
              "hash": "4e5b3cf8216f577bee9ce139cbe72eca3ea4f292ec60928ff24758ce626cd163",
              "url": "https://files.pythonhosted.org/packages/c5/8f/51e89ce52a085483359217bc72cdbf6e75ee595d5b1d4b5ade40c7e018b8/jsonschema-3.2.0-py2.py3-none-any.whl"
            },
            {
              "algorithm": "sha256",
              "hash": "c8a85b28d377cc7737e46e2d9f2b4f44ee3c0e1deac6bf46ddefc7187d30797a",
              "url": "https://files.pythonhosted.org/packages/69/11/a69e2a3c01b324a77d3a7c0570faa372e8448b666300c4117a516f8b1212/jsonschema-3.2.0.tar.gz"
            }
          ],
          "project_name": "jsonschema",
          "requires_dists": [
            "attrs>=17.4.0",
            "functools32; python_version < \"3\"",
            "idna; extra == \"format\"",
            "idna; extra == \"format_nongpl\"",
            "importlib-metadata; python_version < \"3.8\"",
            "jsonpointer>1.13; extra == \"format\"",
            "jsonpointer>1.13; extra == \"format_nongpl\"",
            "pyrsistent>=0.14.0",
            "rfc3339-validator; extra == \"format_nongpl\"",
            "rfc3986-validator>0.1.0; extra == \"format_nongpl\"",
            "rfc3987; extra == \"format\"",
            "setuptools",
            "six>=1.11.0",
            "strict-rfc3339; extra == \"format\"",
            "webcolors; extra == \"format\"",
            "webcolors; extra == \"format_nongpl\""
          ],
          "requires_python": null,
          "version": "3.2.0"
        },
        {
          "artifacts": [
            {
              "algorithm": "sha256",
              "hash": "994793af429502c4ea2ebf6bf664629d07c1a9fe974af92966e4b8d2df7edc61",
              "url": "https://files.pythonhosted.org/packages/ab/c3/57f0601a2d4fe15de7a553c00adbc901425661bf048f2a22dfc500caf121/packaging-23.1-py3-none-any.whl"
            },
            {
              "algorithm": "sha256",
              "hash": "a392980d2b6cffa644431898be54b0045151319d1e7ec34f0cfed48767dd334f",
              "url": "https://files.pythonhosted.org/packages/b9/6c/7c6658d258d7971c5eb0d9b69fa9265879ec9a9158031206d47800ae2213/packaging-23.1.tar.gz"
            }
          ],
          "project_name": "packaging",
          "requires_dists": [],
          "requires_python": ">=3.7",
          "version": "23.1"
        },
        {
          "artifacts": [
            {
              "algorithm": "sha256",
              "hash": "d89c696a773f8bd377d18e5ecda92b7a3793cbe66c87060a6fb58c7b6e1061f7",
              "url": "https://files.pythonhosted.org/packages/05/b8/42ed91898d4784546c5f06c60506400548db3f7a4b3fb441cba4e5c17952/pluggy-1.3.0-py3-none-any.whl"
            },
            {
              "algorithm": "sha256",
              "hash": "cf61ae8f126ac6f7c451172cf30e3e43d3ca77615509771b3a984a0730651e12",
              "url": "https://files.pythonhosted.org/packages/36/51/04defc761583568cae5fd533abda3d40164cbdcf22dee5b7126ffef68a40/pluggy-1.3.0.tar.gz"
            }
          ],
          "project_name": "pluggy",
          "requires_dists": [
            "pre-commit; extra == \"dev\"",
            "pytest-benchmark; extra == \"testing\"",
            "pytest; extra == \"testing\"",
            "tox; extra == \"dev\""
          ],
          "requires_python": ">=3.8",
          "version": "1.3.0"
        },
        {
          "artifacts": [
            {
              "algorithm": "sha256",
              "hash": "ccf0d6bd208f8111179f0c26fdf84ed7c3891982f2edaeae7422575f47e66b64",
              "url": "https://files.pythonhosted.org/packages/64/de/375aa14daaee107f987da76ca32f7a907fea00fa8b8afb67dc09bec0de91/pyrsistent-0.19.3-py3-none-any.whl"
            },
            {
              "algorithm": "sha256",
              "hash": "4c18264cb84b5e68e7085a43723f9e4c1fd1d935ab240ce02c0324a8e01ccb64",
              "url": "https://files.pythonhosted.org/packages/40/04/f1d7813d4cdb62ed58e75b53e2ef481b47081ab5ad2a104cd284fa507042/pyrsistent-0.19.3-cp310-cp310-manylinux_2_17_aarch64.manylinux2014_aarch64.whl"
            },
            {
              "algorithm": "sha256",
              "hash": "4b774f9288dda8d425adb6544e5903f1fb6c273ab3128a355c6b972b7df39dcf",
              "url": "https://files.pythonhosted.org/packages/73/55/1e300772f5c24921a81fc1c8b3de8a06a199c4ebb523d7c5a85f4e74a32e/pyrsistent-0.19.3-cp310-cp310-manylinux_2_5_i686.manylinux1_i686.manylinux_2_17_i686.manylinux2014_i686.whl"
            },
            {
              "algorithm": "sha256",
              "hash": "1a2994773706bbb4995c31a97bc94f1418314923bd1048c6d964837040376440",
              "url": "https://files.pythonhosted.org/packages/bf/90/445a7dbd275c654c268f47fa9452152709134f61f09605cf776407055a89/pyrsistent-0.19.3.tar.gz"
            },
            {
              "algorithm": "sha256",
              "hash": "20460ac0ea439a3e79caa1dbd560344b64ed75e85d8703943e0b66c2a6150e4a",
              "url": "https://files.pythonhosted.org/packages/ed/7b/7d032130a6838b179b46dff1ee88909c11d518a10ec9bc70c4b72c7c2f80/pyrsistent-0.19.3-cp310-cp310-macosx_10_9_universal2.whl"
            }
          ],
          "project_name": "pyrsistent",
          "requires_dists": [],
          "requires_python": ">=3.7",
          "version": "0.19.3"
        },
        {
          "artifacts": [
            {
              "algorithm": "sha256",
              "hash": "78bf16451a2eb8c7a2ea98e32dc119fd2aa758f1d5d66dbf0a59d69a3969df32",
              "url": "https://files.pythonhosted.org/packages/33/b2/741130cbcf2bbfa852ed95a60dc311c9e232c7ed25bac3d9b8880a8df4ae/pytest-7.4.0-py3-none-any.whl"
            },
            {
              "algorithm": "sha256",
              "hash": "b4bf8c45bd59934ed84001ad51e11b4ee40d40a1229d2c79f9c592b0a3f6bd8a",
              "url": "https://files.pythonhosted.org/packages/a7/f3/dadfbdbf6b6c8b5bd02adb1e08bc9fbb45ba51c68b0893fa536378cdf485/pytest-7.4.0.tar.gz"
            }
          ],
          "project_name": "pytest",
          "requires_dists": [
            "argcomplete; extra == \"testing\"",
            "attrs>=19.2.0; extra == \"testing\"",
            "colorama; sys_platform == \"win32\"",
            "exceptiongroup>=1.0.0rc8; python_version < \"3.11\"",
            "hypothesis>=3.56; extra == \"testing\"",
            "importlib-metadata>=0.12; python_version < \"3.8\"",
            "iniconfig",
            "mock; extra == \"testing\"",
            "nose; extra == \"testing\"",
            "packaging",
            "pluggy<2.0,>=0.12",
            "pygments>=2.7.2; extra == \"testing\"",
            "requests; extra == \"testing\"",
            "setuptools; extra == \"testing\"",
            "tomli>=1.0.0; python_version < \"3.11\"",
            "xmlschema; extra == \"testing\""
          ],
          "requires_python": ">=3.7",
          "version": "7.4.0"
        },
        {
          "artifacts": [
            {
              "algorithm": "sha256",
              "hash": "961d03dc3453ebbc59dbdea9e4e11c5651520a876d0f4db161e8674aae935da9",
              "url": "https://files.pythonhosted.org/packages/36/7a/87837f39d0296e723bb9b62bbb257d0355c7f6128853c78955f57342a56d/python_dateutil-2.8.2-py2.py3-none-any.whl"
            },
            {
              "algorithm": "sha256",
              "hash": "0123cacc1627ae19ddf3c27a5de5bd67ee4586fbdd6440d9748f8abb483d3e86",
              "url": "https://files.pythonhosted.org/packages/4c/c4/13b4776ea2d76c115c1d1b84579f3764ee6d57204f6be27119f13a61d0a9/python-dateutil-2.8.2.tar.gz"
            }
          ],
          "project_name": "python-dateutil",
          "requires_dists": [
            "six>=1.5"
          ],
          "requires_python": "!=3.0.*,!=3.1.*,!=3.2.*,>=2.7",
          "version": "2.8.2"
        },
        {
          "artifacts": [
            {
              "algorithm": "sha256",
              "hash": "f84fbc98b019fef2ee9a1cb3ce93e3187a6df0b2538a651bfb890254ba9f90b5",
              "url": "https://files.pythonhosted.org/packages/02/25/6ba9f6bb50a3d4fbe22c1a02554dc670682a07c8701d1716d19ddea2c940/PyYAML-6.0-cp310-cp310-manylinux_2_5_x86_64.manylinux1_x86_64.manylinux_2_12_x86_64.manylinux2010_x86_64.whl"
            },
            {
              "algorithm": "sha256",
              "hash": "68fb519c14306fec9720a2a5b45bc9f0c8d1b9c72adf45c37baedfcd949c35a2",
              "url": "https://files.pythonhosted.org/packages/36/2b/61d51a2c4f25ef062ae3f74576b01638bebad5e045f747ff12643df63844/PyYAML-6.0.tar.gz"
            },
            {
              "algorithm": "sha256",
              "hash": "d4db7c7aef085872ef65a8fd7d6d09a14ae91f691dec3e87ee5ee0539d516f53",
              "url": "https://files.pythonhosted.org/packages/44/e5/4fea13230bcebf24b28c0efd774a2dd65a0937a2d39e94a4503438b078ed/PyYAML-6.0-cp310-cp310-macosx_10_9_x86_64.whl"
            },
            {
              "algorithm": "sha256",
              "hash": "77f396e6ef4c73fdc33a9157446466f1cff553d979bd00ecb64385760c6babdc",
              "url": "https://files.pythonhosted.org/packages/5e/f4/7b4bb01873be78fc9fde307f38f62e380b7111862c165372cf094ca2b093/PyYAML-6.0-cp310-cp310-manylinux_2_17_aarch64.manylinux2014_aarch64.whl"
            },
            {
              "algorithm": "sha256",
              "hash": "9df7ed3b3d2e0ecfe09e14741b857df43adb5a3ddadc919a2d94fbdf78fea53c",
              "url": "https://files.pythonhosted.org/packages/91/49/d46d7b15cddfa98533e89f3832f391aedf7e31f37b4d4df3a7a7855a7073/PyYAML-6.0-cp310-cp310-macosx_11_0_arm64.whl"
            },
            {
              "algorithm": "sha256",
              "hash": "a80a78046a72361de73f8f395f1f1e49f956c6be882eed58505a15f3e430962b",
              "url": "https://files.pythonhosted.org/packages/ef/ad/b443cce94539e57e1a745a845f95c100ad7b97593d7e104051e43f730ecd/PyYAML-6.0-cp310-cp310-manylinux_2_17_s390x.manylinux2014_s390x.whl"
            }
          ],
          "project_name": "pyyaml",
          "requires_dists": [],
          "requires_python": ">=3.6",
          "version": "6.0"
        },
        {
          "artifacts": [
            {
              "algorithm": "sha256",
              "hash": "58cd2187c01e70e6e26505bca751777aa9f2ee0b7f4300988b709f44e013003f",
              "url": "https://files.pythonhosted.org/packages/70/8e/0e2d847013cb52cd35b38c009bb167a1a26b2ce6cd6965bf26b47bc0bf44/requests-2.31.0-py3-none-any.whl"
            },
            {
              "algorithm": "sha256",
              "hash": "942c5a758f98d790eaed1a29cb6eefc7ffb0d1cf7af05c3d2791656dbd6ad1e1",
              "url": "https://files.pythonhosted.org/packages/9d/be/10918a2eac4ae9f02f6cfe6414b7a155ccd8f7f9d4380d62fd5b955065c3/requests-2.31.0.tar.gz"
            }
          ],
          "project_name": "requests",
          "requires_dists": [
            "PySocks!=1.5.7,>=1.5.6; extra == \"socks\"",
            "certifi>=2017.4.17",
            "chardet<6,>=3.0.2; extra == \"use_chardet_on_py3\"",
            "charset-normalizer<4,>=2",
            "idna<4,>=2.5",
            "urllib3<3,>=1.21.1"
          ],
          "requires_python": ">=3.7",
          "version": "2.31.0"
        },
        {
          "artifacts": [
            {
              "algorithm": "sha256",
              "hash": "cccfdd665f0a24fcf4726e690f65639d272bb0637b9b92dfd91a5568ccf6bd06",
              "url": "https://files.pythonhosted.org/packages/3f/51/d4db610ef29373b879047326cbf6fa98b6c1969d6f6dc423279de2b1be2c/requests_toolbelt-1.0.0-py2.py3-none-any.whl"
            },
            {
              "algorithm": "sha256",
              "hash": "7681a0a3d047012b5bdc0ee37d7f8f07ebe76ab08caeccfc3921ce23c88d5bc6",
              "url": "https://files.pythonhosted.org/packages/f3/61/d7545dafb7ac2230c70d38d31cbfe4cc64f7144dc41f6e4e4b78ecd9f5bb/requests-toolbelt-1.0.0.tar.gz"
            }
          ],
          "project_name": "requests-toolbelt",
          "requires_dists": [
            "requests<3.0.0,>=2.0.1"
          ],
          "requires_python": "!=3.0.*,!=3.1.*,!=3.2.*,!=3.3.*,>=2.7",
          "version": "1.0.0"
        },
        {
          "artifacts": [
            {
              "algorithm": "sha256",
              "hash": "10702b1e51e5658843460b189b185c0366d2cf4cff716f13111b0ea9fd2dce53",
              "url": "https://files.pythonhosted.org/packages/65/d4/f7407c3d15d5ac779c3dd34fbbc6ea2090f77bd7dd12f207ccf881551208/rfc3987-1.3.8-py2.py3-none-any.whl"
            },
            {
              "algorithm": "sha256",
              "hash": "d3c4d257a560d544e9826b38bc81db676890c79ab9d7ac92b39c7a253d5ca733",
              "url": "https://files.pythonhosted.org/packages/14/bb/f1395c4b62f251a1cb503ff884500ebd248eed593f41b469f89caa3547bd/rfc3987-1.3.8.tar.gz"
            }
          ],
          "project_name": "rfc3987",
          "requires_dists": [],
          "requires_python": null,
          "version": "1.3.8"
        },
        {
          "artifacts": [
            {
              "algorithm": "sha256",
              "hash": "b014be3a8a2aab98cfe1abc7229cc5a9a0cf05eb9c1f2b86b230fd8df3f78084",
              "url": "https://files.pythonhosted.org/packages/d9/17/a3b666f5ef9543cfd3c661d39d1e193abb9649d0cfbbfee3cf3b51d5af02/s3transfer-0.6.2-py3-none-any.whl"
            },
            {
              "algorithm": "sha256",
              "hash": "cab66d3380cca3e70939ef2255d01cd8aece6a4907a9528740f668c4b0611861",
              "url": "https://files.pythonhosted.org/packages/5a/47/d676353674e651910085e3537866f093d2b9e9699e95e89d960e78df9ecf/s3transfer-0.6.2.tar.gz"
            }
          ],
          "project_name": "s3transfer",
          "requires_dists": [
            "botocore<2.0a.0,>=1.12.36",
            "botocore[crt]<2.0a.0,>=1.20.29; extra == \"crt\""
          ],
          "requires_python": ">=3.7",
          "version": "0.6.2"
        },
        {
          "artifacts": [
            {
              "algorithm": "sha256",
              "hash": "3d8083eed2d13afc9426f227b24fd1659489ec107c0e86cec2ffdde5c92e790b",
              "url": "https://files.pythonhosted.org/packages/4f/ab/0bcfebdfc3bfa8554b2b2c97a555569c4c1ebc74ea288741ea8326c51906/setuptools-68.1.2-py3-none-any.whl"
            },
            {
              "algorithm": "sha256",
              "hash": "3d4dfa6d95f1b101d695a6160a7626e15583af71a5f52176efa5d39a054d475d",
              "url": "https://files.pythonhosted.org/packages/19/20/d8dd9d8becaf3e2d6fdc17cc41870d5ada5ceda518996cf5968c2ca71bd8/setuptools-68.1.2.tar.gz"
            }
          ],
          "project_name": "setuptools",
          "requires_dists": [
            "build[virtualenv]; extra == \"testing\"",
            "build[virtualenv]; extra == \"testing-integration\"",
            "filelock>=3.4.0; extra == \"testing\"",
            "filelock>=3.4.0; extra == \"testing-integration\"",
            "flake8-2020; extra == \"testing\"",
            "furo; extra == \"docs\"",
            "ini2toml[lite]>=0.9; extra == \"testing\"",
            "jaraco.develop>=7.21; (python_version >= \"3.9\" and sys_platform != \"cygwin\") and extra == \"testing\"",
            "jaraco.envs>=2.2; extra == \"testing\"",
            "jaraco.envs>=2.2; extra == \"testing-integration\"",
            "jaraco.packaging>=9.3; extra == \"docs\"",
            "jaraco.path>=3.2.0; extra == \"testing\"",
            "jaraco.path>=3.2.0; extra == \"testing-integration\"",
            "jaraco.tidelift>=1.4; extra == \"docs\"",
            "pip>=19.1; extra == \"testing\"",
            "pygments-github-lexers==0.0.5; extra == \"docs\"",
            "pytest-black>=0.3.7; platform_python_implementation != \"PyPy\" and extra == \"testing\"",
            "pytest-checkdocs>=2.4; extra == \"testing\"",
            "pytest-cov; platform_python_implementation != \"PyPy\" and extra == \"testing\"",
            "pytest-enabler; extra == \"testing-integration\"",
            "pytest-enabler>=2.2; extra == \"testing\"",
            "pytest-mypy>=0.9.1; platform_python_implementation != \"PyPy\" and extra == \"testing\"",
            "pytest-perf; sys_platform != \"cygwin\" and extra == \"testing\"",
            "pytest-ruff; sys_platform != \"cygwin\" and extra == \"testing\"",
            "pytest-timeout; extra == \"testing\"",
            "pytest-xdist; extra == \"testing\"",
            "pytest-xdist; extra == \"testing-integration\"",
            "pytest; extra == \"testing-integration\"",
            "pytest>=6; extra == \"testing\"",
            "rst.linker>=1.9; extra == \"docs\"",
            "sphinx-favicon; extra == \"docs\"",
            "sphinx-hoverxref<2; extra == \"docs\"",
            "sphinx-inline-tabs; extra == \"docs\"",
            "sphinx-lint; extra == \"docs\"",
            "sphinx-notfound-page==0.8.3; extra == \"docs\"",
            "sphinx-reredirects; extra == \"docs\"",
            "sphinx<=7.1.2,>=3.5; extra == \"docs\"",
            "sphinxcontrib-towncrier; extra == \"docs\"",
            "tomli-w>=1.0.0; extra == \"testing\"",
            "tomli; extra == \"testing-integration\"",
            "virtualenv>=13.0.0; extra == \"testing\"",
            "virtualenv>=13.0.0; extra == \"testing-integration\"",
            "wheel; extra == \"testing\"",
            "wheel; extra == \"testing-integration\""
          ],
          "requires_python": ">=3.8",
          "version": "68.1.2"
        },
        {
          "artifacts": [
            {
              "algorithm": "sha256",
              "hash": "8abb2f1d86890a2dfb989f9a77cfcfd3e47c2a354b01111771326f8aa26e0254",
              "url": "https://files.pythonhosted.org/packages/d9/5a/e7c31adbe875f2abbb91bd84cf2dc52d792b5a01506781dbcf25c91daf11/six-1.16.0-py2.py3-none-any.whl"
            },
            {
              "algorithm": "sha256",
              "hash": "1e61c37477a1626458e36f7b1d82aa5c9b094fa4802892072e49de9c60c4c926",
              "url": "https://files.pythonhosted.org/packages/71/39/171f1c67cd00715f190ba0b100d606d440a28c93c7714febeca8b79af85e/six-1.16.0.tar.gz"
            }
          ],
          "project_name": "six",
          "requires_dists": [],
          "requires_python": "!=3.0.*,!=3.1.*,!=3.2.*,>=2.7",
          "version": "1.16.0"
        },
        {
          "artifacts": [
            {
              "algorithm": "sha256",
              "hash": "a4ca3d31594ce8e9e7914d44b6f4607e45bebd79a44bb9c1ffe25d06db9ccb9f",
              "url": "https://files.pythonhosted.org/packages/96/ca/d91d9363cc6032d9c034657073eb5033e2d6fe586e43659cc7c0f6c492b5/ssm_parameter_store-19.11.0-py2.py3-none-any.whl"
            },
            {
              "algorithm": "sha256",
              "hash": "29988d1e9ed95f3b2790a20d14950519a05cf3b44cea0c31586cd648f86474cc",
              "url": "https://files.pythonhosted.org/packages/fc/9d/7e065fc277de94124923b5dcce5586874fb37bb7fcf4e5119244cd0ccebd/ssm-parameter-store-19.11.0.tar.gz"
            }
          ],
          "project_name": "ssm-parameter-store",
          "requires_dists": [
            "boto3"
          ],
          "requires_python": null,
          "version": "19.11.0"
        },
        {
          "artifacts": [
            {
              "algorithm": "sha256",
              "hash": "939de3e7a6161af0c887ef91b7d41a53e7c5a1ca976325f429cb46ea9bc30ecc",
              "url": "https://files.pythonhosted.org/packages/97/75/10a9ebee3fd790d20926a90a2547f0bf78f371b2f13aa822c759680ca7b9/tomli-2.0.1-py3-none-any.whl"
            },
            {
              "algorithm": "sha256",
              "hash": "de526c12914f0c550d15924c62d72abc48d6fe7364aa87328337a31007fe8a4f",
              "url": "https://files.pythonhosted.org/packages/c0/3f/d7af728f075fb08564c5949a9c95e44352e23dee646869fa104a3b2060a3/tomli-2.0.1.tar.gz"
            }
          ],
          "project_name": "tomli",
          "requires_dists": [],
          "requires_python": ">=3.7",
          "version": "2.0.1"
        },
        {
          "artifacts": [
            {
              "algorithm": "sha256",
              "hash": "a461508f3096d1d5810ec5ab95d7eeecb651f3a15b71959999988942063bf01d",
              "url": "https://files.pythonhosted.org/packages/da/14/7ee3c82b073aa56ba51a7c61e1c37045171fde3d7e60a6e2b1763bdb455c/types_PyYAML-6.0.12.11-py3-none-any.whl"
            },
            {
              "algorithm": "sha256",
              "hash": "7d340b19ca28cddfdba438ee638cd4084bde213e501a3978738543e27094775b",
              "url": "https://files.pythonhosted.org/packages/04/c0/7358cce7f79f1b369ebbe57da67d5f538ea81ce5b9c97093121bfc973f09/types-PyYAML-6.0.12.11.tar.gz"
            }
          ],
          "project_name": "types-pyyaml",
          "requires_dists": [],
          "requires_python": null,
          "version": "6.0.12.11"
        },
        {
          "artifacts": [
            {
              "algorithm": "sha256",
              "hash": "56d181c85b5925cbc59f4489a57e72a8b2166f18273fd8ba7b6fe0c0b986f12a",
              "url": "https://files.pythonhosted.org/packages/06/9b/04bb62f11a6824df5d4568439cf0715118c265d0ffbebeb7cf4b8c9caa15/types_requests-2.31.0.2-py3-none-any.whl"
            },
            {
              "algorithm": "sha256",
              "hash": "6aa3f7faf0ea52d728bb18c0a0d1522d9bfd8c72d26ff6f61bfc3d06a411cf40",
              "url": "https://files.pythonhosted.org/packages/44/70/60c1e24806a2cd1b64867a15a1100e5ad6423c8ce250ebc04dd519162487/types-requests-2.31.0.2.tar.gz"
            }
          ],
          "project_name": "types-requests",
          "requires_dists": [
            "types-urllib3"
          ],
          "requires_python": null,
          "version": "2.31.0.2"
        },
        {
          "artifacts": [
            {
              "algorithm": "sha256",
              "hash": "9683bbb7fb72e32bfe9d2be6e04875fbe1b3eeec3cbb4ea231435aa7fd6b4f0e",
              "url": "https://files.pythonhosted.org/packages/11/7b/3fc711b2efea5e85a7a0bbfe269ea944aa767bbba5ec52f9ee45d362ccf3/types_urllib3-1.26.25.14-py3-none-any.whl"
            },
            {
              "algorithm": "sha256",
              "hash": "229b7f577c951b8c1b92c1bc2b2fdb0b49847bd2af6d1cc2a2e3dd340f3bda8f",
              "url": "https://files.pythonhosted.org/packages/73/de/b9d7a68ad39092368fb21dd6194b362b98a1daeea5dcfef5e1adb5031c7e/types-urllib3-1.26.25.14.tar.gz"
            }
          ],
          "project_name": "types-urllib3",
          "requires_dists": [],
          "requires_python": null,
          "version": "1.26.25.14"
        },
        {
          "artifacts": [
            {
              "algorithm": "sha256",
              "hash": "8d36afa7616d8ab714608411b4a3b13e58f463aee519024578e062e141dce20f",
              "url": "https://files.pythonhosted.org/packages/c5/05/c214b32d21c0b465506f95c4f28ccbcba15022e000b043b72b3df7728471/urllib3-1.26.16-py2.py3-none-any.whl"
            },
            {
              "algorithm": "sha256",
              "hash": "8f135f6502756bde6b2a9b28989df5fbe87c9970cecaa69041edcce7f0589b14",
              "url": "https://files.pythonhosted.org/packages/e2/7d/539e6f0cf9f0b95b71dd701a56dae89f768cd39fd8ce0096af3546aeb5a3/urllib3-1.26.16.tar.gz"
            }
          ],
          "project_name": "urllib3",
          "requires_dists": [
            "PySocks!=1.5.7,<2.0,>=1.5.6; extra == \"socks\"",
            "brotli>=1.0.9; ((os_name != \"nt\" or python_version >= \"3\") and platform_python_implementation == \"CPython\") and extra == \"brotli\"",
            "brotlicffi>=0.8.0; ((os_name != \"nt\" or python_version >= \"3\") and platform_python_implementation != \"CPython\") and extra == \"brotli\"",
            "brotlipy>=0.6.0; (os_name == \"nt\" and python_version < \"3\") and extra == \"brotli\"",
            "certifi; extra == \"secure\"",
            "cryptography>=1.3.4; extra == \"secure\"",
            "idna>=2.0.0; extra == \"secure\"",
            "ipaddress; python_version == \"2.7\" and extra == \"secure\"",
            "pyOpenSSL>=0.14; extra == \"secure\"",
            "urllib3-secure-extra; extra == \"secure\""
          ],
          "requires_python": "!=3.0.*,!=3.1.*,!=3.2.*,!=3.3.*,!=3.4.*,!=3.5.*,>=2.7",
          "version": "1.26.16"
        }
      ],
      "platform_tag": null
    }
  ],
  "path_mappings": {},
  "pex_version": "2.1.111",
  "pip_version": "20.3.4-patched",
  "prefer_older_binary": false,
  "requirements": [
    "flywheel-gear-toolkit>=0.2",
    "flywheel-sdk>=16.14.8",
    "pytest>=7.2.0",
    "pyyaml==6.0",
    "requests>=2.18.4",
    "ssm-parameter-store>=19.11.0",
    "types-PyYAML>=6.0.12",
    "types-requests"
  ],
  "requires_python": [
    "==3.10.*"
  ],
  "resolver_version": "pip-2020-resolver",
  "style": "universal",
  "target_systems": [
    "linux",
    "mac"
  ],
  "transitive": true,
  "use_pep517": null
}
